{
  "version": 4,
  "terraform_version": "0.12.8",
  "serial": 16,
  "lineage": "3c2ddb1d-f647-3052-0d27-c02fd8bcb3ab",
  "outputs": {
    "Bucket_name": {
      "value": {
        "p-02-08-19-gcp-lab-admin4-vli08": "b01-us-p-02-08-19-gcp-lab-admin4-vli08"
      },
      "type": [
        "object",
        {
          "p-02-08-19-gcp-lab-admin4-vli08": "string"
        }
      ]
    },
    "firewal_self_link": {
      "value": "hellovpc-firewall-ssh",
      "type": "string"
    },
    "gateway_ipv4": {
      "value": "",
      "type": "string"
    },
    "subnetworks_self_links": {
      "value": [
        [
          "https://www.googleapis.com/compute/v1/projects/p-02-08-19-gcp-lab-admin4/regions/us-east1/subnetworks/subnetss-1",
          "https://www.googleapis.com/compute/v1/projects/p-02-08-19-gcp-lab-admin4/regions/us-east4/subnetworks/subnet-1"
        ]
      ],
      "type": [
        "tuple",
        [
          [
            "tuple",
            [
              "string",
              "string"
            ]
          ]
        ]
      ]
    },
    "vpc_name": {
      "value": "hellovpc",
      "type": "string"
    }
  },
  "resources": [
    {
      "mode": "managed",
      "type": "google_compute_firewall",
      "name": "new-firewall",
      "provider": "provider.google",
      "instances": [
        {
          "schema_version": 1,
          "attributes": {
            "allow": [
              {
                "ports": [
                  "22"
                ],
                "protocol": "tcp"
              }
            ],
            "creation_timestamp": "2019-11-28T14:32:03.233-08:00",
            "deny": [],
            "description": "",
            "destination_ranges": [],
            "direction": "INGRESS",
            "disabled": false,
            "id": "projects/p-02-08-19-gcp-lab-admin4/global/firewalls/hellovpc-firewall-ssh",
            "name": "hellovpc-firewall-ssh",
            "network": "https://www.googleapis.com/compute/v1/projects/p-02-08-19-gcp-lab-admin4/global/networks/hellovpc",
            "priority": 1000,
            "project": "p-02-08-19-gcp-lab-admin4",
            "self_link": "https://www.googleapis.com/compute/v1/projects/p-02-08-19-gcp-lab-admin4/global/firewalls/hellovpc-firewall-ssh",
            "source_ranges": [
              "0.0.0.0/0"
            ],
            "source_service_accounts": [],
            "source_tags": [],
            "target_service_accounts": [],
            "target_tags": [
              "hellovpc-firewall-ssh"
            ],
            "timeouts": null
          },
          "private": "eyJlMmJmYjczMC1lY2FhLTExZTYtOGY4OC0zNDM2M2JjN2M0YzAiOnsiY3JlYXRlIjoyNDAwMDAwMDAwMDAsImRlbGV0ZSI6MjQwMDAwMDAwMDAwLCJ1cGRhdGUiOjI0MDAwMDAwMDAwMH0sInNjaGVtYV92ZXJzaW9uIjoiMSJ9",
          "depends_on": [
            "google_compute_network.default"
          ]
        }
      ]
    },
    {
      "mode": "managed",
      "type": "google_compute_instance",
      "name": "vm_instance",
      "provider": "provider.google",
      "instances": [
        {
          "schema_version": 6,
          "attributes": {
            "allow_stopping_for_update": null,
            "attached_disk": [],
            "boot_disk": [
              {
                "auto_delete": true,
                "device_name": "persistent-disk-0",
                "disk_encryption_key_raw": "",
                "disk_encryption_key_sha256": "",
                "initialize_params": [
                  {
                    "image": "https://www.googleapis.com/compute/v1/projects/debian-cloud/global/images/debian-9-stretch-v20191121",
                    "labels": {},
                    "size": 10,
                    "type": "pd-standard"
                  }
                ],
                "kms_key_self_link": "",
                "mode": "READ_WRITE",
                "source": "https://www.googleapis.com/compute/v1/projects/p-02-08-19-gcp-lab-admin4/zones/us-east1-c/disks/test-ins01"
              }
            ],
            "can_ip_forward": false,
            "cpu_platform": "Intel Haswell",
            "deletion_protection": false,
            "description": "",
            "enable_display": false,
            "guest_accelerator": [],
            "hostname": "",
            "id": "projects/p-02-08-19-gcp-lab-admin4/zones/us-east1-c/instances/test-ins01",
            "instance_id": "6864462956555269607",
            "label_fingerprint": "42WmSpB8rSM=",
            "labels": {},
            "machine_type": "f1-micro",
            "metadata": {},
            "metadata_fingerprint": "1r0GDXmBmMM=",
            "metadata_startup_script": "",
            "min_cpu_platform": "",
            "name": "test-ins01",
            "network_interface": [
              {
                "access_config": [
                  {
                    "nat_ip": "35.185.86.65",
                    "network_tier": "PREMIUM",
                    "public_ptr_domain_name": ""
                  }
                ],
                "alias_ip_range": [],
                "name": "nic0",
                "network": "https://www.googleapis.com/compute/v1/projects/p-02-08-19-gcp-lab-admin4/global/networks/hellovpc",
                "network_ip": "192.168.0.2",
                "subnetwork": "https://www.googleapis.com/compute/v1/projects/p-02-08-19-gcp-lab-admin4/regions/us-east1/subnetworks/subnetss-1",
                "subnetwork_project": "p-02-08-19-gcp-lab-admin4"
              }
            ],
            "project": "p-02-08-19-gcp-lab-admin4",
            "scheduling": [
              {
                "automatic_restart": true,
                "node_affinities": [],
                "on_host_maintenance": "MIGRATE",
                "preemptible": false
              }
            ],
            "scratch_disk": [],
            "self_link": "https://www.googleapis.com/compute/v1/projects/p-02-08-19-gcp-lab-admin4/zones/us-east1-c/instances/test-ins01",
            "service_account": [],
            "shielded_instance_config": [],
            "tags": [],
            "tags_fingerprint": "42WmSpB8rSM=",
            "timeouts": null,
            "zone": "us-east1-c"
          },
          "private": "eyJlMmJmYjczMC1lY2FhLTExZTYtOGY4OC0zNDM2M2JjN2M0YzAiOnsiY3JlYXRlIjoxMjAwMDAwMDAwMDAwLCJkZWxldGUiOjEyMDAwMDAwMDAwMDAsInVwZGF0ZSI6MTIwMDAwMDAwMDAwMH0sInNjaGVtYV92ZXJzaW9uIjoiNiJ9",
          "depends_on": [
            "google_compute_network.default",
            "google_compute_subnetwork.default"
          ]
        }
      ]
    },
    {
      "mode": "managed",
      "type": "google_compute_instance",
      "name": "vm_instance08",
      "provider": "provider.google",
      "instances": [
        {
          "schema_version": 6,
          "attributes": {
            "allow_stopping_for_update": null,
            "attached_disk": [],
            "boot_disk": [
              {
                "auto_delete": true,
                "device_name": "persistent-disk-0",
                "disk_encryption_key_raw": "",
                "disk_encryption_key_sha256": "",
                "initialize_params": [
                  {
                    "image": "https://www.googleapis.com/compute/v1/projects/debian-cloud/global/images/debian-9-stretch-v20191121",
                    "labels": {},
                    "size": 10,
                    "type": "pd-standard"
                  }
                ],
                "kms_key_self_link": "",
                "mode": "READ_WRITE",
                "source": "https://www.googleapis.com/compute/v1/projects/p-02-08-19-gcp-lab-admin4/zones/us-east1-c/disks/test-ins08"
              }
            ],
            "can_ip_forward": false,
            "cpu_platform": "Intel Haswell",
            "deletion_protection": false,
            "description": "",
            "enable_display": false,
            "guest_accelerator": [],
            "hostname": "",
            "id": "projects/p-02-08-19-gcp-lab-admin4/zones/us-east1-c/instances/test-ins08",
            "instance_id": "7124953341532960231",
            "label_fingerprint": "42WmSpB8rSM=",
            "labels": {},
            "machine_type": "f1-micro",
            "metadata": {},
            "metadata_fingerprint": "1r0GDXmBmMM=",
            "metadata_startup_script": "",
            "min_cpu_platform": "",
            "name": "test-ins08",
            "network_interface": [
              {
                "access_config": [
                  {
                    "nat_ip": "35.243.153.124",
                    "network_tier": "PREMIUM",
                    "public_ptr_domain_name": ""
                  }
                ],
                "alias_ip_range": [],
                "name": "nic0",
                "network": "https://www.googleapis.com/compute/v1/projects/p-02-08-19-gcp-lab-admin4/global/networks/hellovpc",
                "network_ip": "192.168.0.3",
                "subnetwork": "https://www.googleapis.com/compute/v1/projects/p-02-08-19-gcp-lab-admin4/regions/us-east1/subnetworks/subnetss-1",
                "subnetwork_project": "p-02-08-19-gcp-lab-admin4"
              }
            ],
            "project": "p-02-08-19-gcp-lab-admin4",
            "scheduling": [
              {
                "automatic_restart": true,
                "node_affinities": [],
                "on_host_maintenance": "MIGRATE",
                "preemptible": false
              }
            ],
            "scratch_disk": [],
            "self_link": "https://www.googleapis.com/compute/v1/projects/p-02-08-19-gcp-lab-admin4/zones/us-east1-c/instances/test-ins08",
            "service_account": [],
            "shielded_instance_config": [],
            "tags": [],
            "tags_fingerprint": "42WmSpB8rSM=",
            "timeouts": null,
            "zone": "us-east1-c"
          },
          "private": "eyJlMmJmYjczMC1lY2FhLTExZTYtOGY4OC0zNDM2M2JjN2M0YzAiOnsiY3JlYXRlIjoxMjAwMDAwMDAwMDAwLCJkZWxldGUiOjEyMDAwMDAwMDAwMDAsInVwZGF0ZSI6MTIwMDAwMDAwMDAwMH0sInNjaGVtYV92ZXJzaW9uIjoiNiJ9",
          "depends_on": [
            "google_compute_network.default",
            "google_compute_subnetwork.default"
          ]
        }
      ]
    },
    {
      "mode": "managed",
      "type": "google_compute_network",
      "name": "default",
      "provider": "provider.google",
      "instances": [
        {
          "schema_version": 0,
          "attributes": {
            "auto_create_subnetworks": false,
            "delete_default_routes_on_create": false,
            "description": "",
            "gateway_ipv4": "",
            "id": "projects/p-02-08-19-gcp-lab-admin4/global/networks/hellovpc",
            "ipv4_range": null,
            "name": "hellovpc",
            "project": "p-02-08-19-gcp-lab-admin4",
            "routing_mode": "GLOBAL",
            "self_link": "https://www.googleapis.com/compute/v1/projects/p-02-08-19-gcp-lab-admin4/global/networks/hellovpc",
            "timeouts": null
          },
          "private": "eyJlMmJmYjczMC1lY2FhLTExZTYtOGY4OC0zNDM2M2JjN2M0YzAiOnsiY3JlYXRlIjoyNDAwMDAwMDAwMDAsImRlbGV0ZSI6MjQwMDAwMDAwMDAwLCJ1cGRhdGUiOjI0MDAwMDAwMDAwMH19"
        }
      ]
    },
    {
      "mode": "managed",
      "type": "google_compute_subnetwork",
      "name": "default",
      "each": "list",
      "provider": "provider.google",
      "instances": [
        {
          "index_key": 0,
          "schema_version": 0,
          "attributes": {
            "creation_timestamp": "2019-11-28T14:32:03.753-08:00",
            "description": "",
            "enable_flow_logs": null,
            "fingerprint": "3FUXcFpxLLQ=",
            "gateway_address": "192.168.0.1",
            "id": "projects/p-02-08-19-gcp-lab-admin4/regions/us-east1/subnetworks/subnetss-1",
            "ip_cidr_range": "192.168.0.0/24",
            "log_config": [],
            "name": "subnetss-1",
            "network": "https://www.googleapis.com/compute/v1/projects/p-02-08-19-gcp-lab-admin4/global/networks/hellovpc",
            "private_ip_google_access": false,
            "project": "p-02-08-19-gcp-lab-admin4",
            "region": "us-east1",
            "secondary_ip_range": [
              {
                "ip_cidr_range": "192.168.64.0/24",
                "range_name": "us-east1-secondary-01"
              },
              {
                "ip_cidr_range": "192.168.65.0/24",
                "range_name": "us-east1-secondary-01-02"
              }
            ],
            "self_link": "https://www.googleapis.com/compute/v1/projects/p-02-08-19-gcp-lab-admin4/regions/us-east1/subnetworks/subnetss-1",
            "timeouts": null
          },
          "private": "eyJlMmJmYjczMC1lY2FhLTExZTYtOGY4OC0zNDM2M2JjN2M0YzAiOnsiY3JlYXRlIjozNjAwMDAwMDAwMDAsImRlbGV0ZSI6MzYwMDAwMDAwMDAwLCJ1cGRhdGUiOjM2MDAwMDAwMDAwMH19",
          "depends_on": [
            "google_compute_network.default"
          ]
        },
        {
          "index_key": 1,
          "schema_version": 0,
          "attributes": {
            "creation_timestamp": "2019-11-28T14:32:03.686-08:00",
            "description": "",
            "enable_flow_logs": null,
            "fingerprint": "gw1tMLuL6Wg=",
            "gateway_address": "192.168.13.1",
            "id": "projects/p-02-08-19-gcp-lab-admin4/regions/us-east4/subnetworks/subnet-1",
            "ip_cidr_range": "192.168.13.0/24",
            "log_config": [],
            "name": "subnet-1",
            "network": "https://www.googleapis.com/compute/v1/projects/p-02-08-19-gcp-lab-admin4/global/networks/hellovpc",
            "private_ip_google_access": false,
            "project": "p-02-08-19-gcp-lab-admin4",
            "region": "us-east4",
            "secondary_ip_range": [
              {
                "ip_cidr_range": "192.168.74.0/24",
                "range_name": "us-east4-ssecondary-01"
              }
            ],
            "self_link": "https://www.googleapis.com/compute/v1/projects/p-02-08-19-gcp-lab-admin4/regions/us-east4/subnetworks/subnet-1",
            "timeouts": null
          },
          "private": "eyJlMmJmYjczMC1lY2FhLTExZTYtOGY4OC0zNDM2M2JjN2M0YzAiOnsiY3JlYXRlIjozNjAwMDAwMDAwMDAsImRlbGV0ZSI6MzYwMDAwMDAwMDAwLCJ1cGRhdGUiOjM2MDAwMDAwMDAwMH19",
          "depends_on": [
            "google_compute_network.default"
          ]
        }
      ]
    },
    {
      "mode": "managed",
      "type": "google_project_iam_binding",
      "name": "iam_based_roles",
      "provider": "provider.google",
      "instances": [
        {
          "schema_version": 0,
          "attributes": {
            "etag": "BwWYcCBKFqA=",
            "id": "p-02-08-19-gcp-lab-admin4/roles/editor",
            "members": [
              "user:learningtech2k19@gmail.com",
              "user:zubair.munir17@gmail.com"
            ],
            "project": "p-02-08-19-gcp-lab-admin4",
            "role": "roles/editor"
          },
          "private": "bnVsbA=="
        }
      ]
    },
    {
      "module": "module.cloud_storage",
      "mode": "managed",
      "type": "google_storage_bucket",
      "name": "buckets",
      "each": "list",
      "provider": "provider.google",
      "instances": [
        {
          "index_key": 0,
          "schema_version": 0,
          "attributes": {
            "bucket_policy_only": false,
            "cors": [],
            "encryption": [],
            "force_destroy": true,
            "id": "b01-us-p-02-08-19-gcp-lab-admin4-vli08",
            "labels": {
              "name": "b01-us-p-02-08-19-gcp-lab-admin4-vli08"
            },
            "lifecycle_rule": [],
            "location": "US",
            "logging": [],
            "name": "b01-us-p-02-08-19-gcp-lab-admin4-vli08",
            "project": "p-02-08-19-gcp-lab-admin4",
            "requester_pays": false,
            "retention_policy": [],
            "self_link": "https://www.googleapis.com/storage/v1/b/b01-us-p-02-08-19-gcp-lab-admin4-vli08",
            "storage_class": "MULTI_REGIONAL",
            "url": "gs://b01-us-p-02-08-19-gcp-lab-admin4-vli08",
            "versioning": [
              {
                "enabled": false
              }
            ],
            "website": []
          },
          "private": "bnVsbA=="
        }
      ]
    },
    {
      "module": "module.cloud_storage",
      "mode": "managed",
      "type": "google_storage_bucket_iam_binding",
      "name": "admins",
      "each": "list",
      "provider": "provider.google",
      "instances": []
    },
    {
      "mode": "managed",
      "type": "google_storage_bucket_iam_binding",
      "name": "binding",
      "provider": "provider.google",
      "instances": [
        {
          "schema_version": 0,
          "attributes": {
            "bucket": "b01-us-p-02-08-19-gcp-lab-admin4-vli08",
            "etag": "CAI=",
            "id": "b01-us-p-02-08-19-gcp-lab-admin4-vli08/roles/storage.objectViewer",
            "members": [
              "allUsers"
            ],
            "role": "roles/storage.objectViewer"
          },
          "private": "bnVsbA==",
          "depends_on": [
            "module.cloud_storage"
          ]
        }
      ]
    },
    {
      "module": "module.cloud_storage",
      "mode": "managed",
      "type": "google_storage_bucket_iam_binding",
      "name": "creators",
      "each": "list",
      "provider": "provider.google",
      "instances": []
    },
    {
      "module": "module.cloud_storage",
      "mode": "managed",
      "type": "google_storage_bucket_iam_binding",
      "name": "viewers",
      "each": "list",
      "provider": "provider.google",
      "instances": []
    }
  ]
}
