{"format_version":"0.1","terraform_version":"0.12.8","variables":{"auto_create_subnetworks":{"value":"false"},"fw_name":{"value":"ssh"},"module_dependency":{"value":""},"name":{"value":"hellovpc"},"ports":{"value":["22"]},"project":{"value":"p-02-08-19-gcp-lab-admin4"},"protocol":{"value":"tcp"},"routing_mode":{"value":"GLOBAL"},"secondary_ranges":{"value":{"us-east1":[{"ip_cidr_range":"192.168.64.0/24","range_name":"us-east1-secondary-01"},{"ip_cidr_range":"192.168.65.0/24","range_name":"us-east1-secondary-01-02"}],"us-east4":[{"ip_cidr_range":"192.168.74.0/24","range_name":"us-east4-ssecondary-01"}]}},"source_ranges":{"value":["0.0.0.0/0"]},"subnetworks":{"value":[{"cidr":"192.168.0.0/24","region":"us-east1","subnetname":"subnetss-1"},{"cidr":"192.168.13.0/24","region":"us-east4","subnetname":"subnet-1"}]}},"planned_values":{"outputs":{"firewal_self_link":{"sensitive":false,"value":"hellovpc-firewall-ssh"},"gateway_ipv4":{"sensitive":false},"subnetworks_self_links":{"sensitive":false},"vpc_name":{"sensitive":false,"value":"hellovpc"}},"root_module":{"resources":[{"address":"google_compute_firewall.new-firewall","mode":"managed","type":"google_compute_firewall","name":"new-firewall","provider_name":"google","schema_version":1,"values":{"allow":[{"ports":["22"],"protocol":"tcp"}],"deny":[],"description":null,"disabled":null,"name":"hellovpc-firewall-ssh","network":"hellovpc","priority":1000,"project":"p-02-08-19-gcp-lab-admin4","source_ranges":["0.0.0.0/0"],"source_service_accounts":null,"source_tags":null,"target_service_accounts":null,"target_tags":["hellovpc-firewall-ssh"],"timeouts":null}},{"address":"google_compute_instance.vm_instance","mode":"managed","type":"google_compute_instance","name":"vm_instance","provider_name":"google","schema_version":6,"values":{"allow_stopping_for_update":null,"attached_disk":[],"boot_disk":[{"auto_delete":true,"disk_encryption_key_raw":null,"initialize_params":[{"image":"debian-cloud/debian-9"}],"mode":"READ_WRITE"}],"can_ip_forward":false,"deletion_protection":false,"description":null,"enable_display":null,"hostname":null,"labels":null,"machine_type":"f1-micro","metadata":null,"metadata_startup_script":null,"min_cpu_platform":null,"name":"test-ins01","network_interface":[{"access_config":[{"public_ptr_domain_name":null}],"alias_ip_range":[],"subnetwork":"subnetss-1","subnetwork_project":"p-02-08-19-gcp-lab-admin4"}],"project":"p-02-08-19-gcp-lab-admin4","scratch_disk":[],"service_account":[],"shielded_instance_config":[],"tags":null,"timeouts":null,"zone":"us-east1-c"}},{"address":"google_compute_instance.vm_instance08","mode":"managed","type":"google_compute_instance","name":"vm_instance08","provider_name":"google","schema_version":6,"values":{"allow_stopping_for_update":null,"attached_disk":[],"boot_disk":[{"auto_delete":true,"disk_encryption_key_raw":null,"initialize_params":[{"image":"debian-cloud/debian-9"}],"mode":"READ_WRITE"}],"can_ip_forward":false,"deletion_protection":false,"description":null,"enable_display":null,"hostname":null,"labels":null,"machine_type":"f1-micro","metadata":null,"metadata_startup_script":null,"min_cpu_platform":null,"name":"test-ins08","network_interface":[{"access_config":[{"public_ptr_domain_name":null}],"alias_ip_range":[],"subnetwork":"subnetss-1","subnetwork_project":"p-02-08-19-gcp-lab-admin4"}],"project":"p-02-08-19-gcp-lab-admin4","scratch_disk":[],"service_account":[],"shielded_instance_config":[],"tags":null,"timeouts":null,"zone":"us-east1-c"}},{"address":"google_compute_network.default","mode":"managed","type":"google_compute_network","name":"default","provider_name":"google","schema_version":0,"values":{"auto_create_subnetworks":false,"delete_default_routes_on_create":false,"description":null,"name":"hellovpc","routing_mode":"GLOBAL","timeouts":null}},{"address":"google_compute_subnetwork.default[0]","mode":"managed","type":"google_compute_subnetwork","name":"default","index":0,"provider_name":"google","schema_version":0,"values":{"description":null,"ip_cidr_range":"192.168.0.0/24","log_config":[],"name":"subnetss-1","private_ip_google_access":false,"region":"us-east1","secondary_ip_range":[{"ip_cidr_range":"192.168.64.0/24","range_name":"us-east1-secondary-01"},{"ip_cidr_range":"192.168.65.0/24","range_name":"us-east1-secondary-01-02"}],"timeouts":null}},{"address":"google_compute_subnetwork.default[1]","mode":"managed","type":"google_compute_subnetwork","name":"default","index":1,"provider_name":"google","schema_version":0,"values":{"description":null,"ip_cidr_range":"192.168.13.0/24","log_config":[],"name":"subnet-1","private_ip_google_access":false,"region":"us-east4","secondary_ip_range":[{"ip_cidr_range":"192.168.74.0/24","range_name":"us-east4-ssecondary-01"}],"timeouts":null}},{"address":"google_project_iam_binding.project","mode":"managed","type":"google_project_iam_binding","name":"project","provider_name":"google","schema_version":0,"values":{"members":["user:learningtech2k19@google.com","user:zubair.munir17@google.com"],"project":"p-02-08-19-gcp-lab-admin4","role":"roles/owner"}}]}},"resource_changes":[{"address":"google_compute_firewall.new-firewall","mode":"managed","type":"google_compute_firewall","name":"new-firewall","provider_name":"google","change":{"actions":["create"],"before":null,"after":{"allow":[{"ports":["22"],"protocol":"tcp"}],"deny":[],"description":null,"disabled":null,"name":"hellovpc-firewall-ssh","network":"hellovpc","priority":1000,"project":"p-02-08-19-gcp-lab-admin4","source_ranges":["0.0.0.0/0"],"source_service_accounts":null,"source_tags":null,"target_service_accounts":null,"target_tags":["hellovpc-firewall-ssh"],"timeouts":null},"after_unknown":{"allow":[{"ports":[false]}],"creation_timestamp":true,"deny":[],"destination_ranges":true,"direction":true,"id":true,"self_link":true,"source_ranges":[false],"target_tags":[false]}}},{"address":"google_compute_instance.vm_instance","mode":"managed","type":"google_compute_instance","name":"vm_instance","provider_name":"google","change":{"actions":["create"],"before":null,"after":{"allow_stopping_for_update":null,"attached_disk":[],"boot_disk":[{"auto_delete":true,"disk_encryption_key_raw":null,"initialize_params":[{"image":"debian-cloud/debian-9"}],"mode":"READ_WRITE"}],"can_ip_forward":false,"deletion_protection":false,"description":null,"enable_display":null,"hostname":null,"labels":null,"machine_type":"f1-micro","metadata":null,"metadata_startup_script":null,"min_cpu_platform":null,"name":"test-ins01","network_interface":[{"access_config":[{"public_ptr_domain_name":null}],"alias_ip_range":[],"subnetwork":"subnetss-1","subnetwork_project":"p-02-08-19-gcp-lab-admin4"}],"project":"p-02-08-19-gcp-lab-admin4","scratch_disk":[],"service_account":[],"shielded_instance_config":[],"tags":null,"timeouts":null,"zone":"us-east1-c"},"after_unknown":{"attached_disk":[],"boot_disk":[{"device_name":true,"disk_encryption_key_sha256":true,"initialize_params":[{"labels":true,"size":true,"type":true}],"kms_key_self_link":true,"source":true}],"cpu_platform":true,"guest_accelerator":true,"id":true,"instance_id":true,"label_fingerprint":true,"metadata_fingerprint":true,"network_interface":[{"access_config":[{"nat_ip":true,"network_tier":true}],"alias_ip_range":[],"name":true,"network":true,"network_ip":true}],"scheduling":true,"scratch_disk":[],"self_link":true,"service_account":[],"shielded_instance_config":[],"tags_fingerprint":true}}},{"address":"google_compute_instance.vm_instance08","mode":"managed","type":"google_compute_instance","name":"vm_instance08","provider_name":"google","change":{"actions":["create"],"before":null,"after":{"allow_stopping_for_update":null,"attached_disk":[],"boot_disk":[{"auto_delete":true,"disk_encryption_key_raw":null,"initialize_params":[{"image":"debian-cloud/debian-9"}],"mode":"READ_WRITE"}],"can_ip_forward":false,"deletion_protection":false,"description":null,"enable_display":null,"hostname":null,"labels":null,"machine_type":"f1-micro","metadata":null,"metadata_startup_script":null,"min_cpu_platform":null,"name":"test-ins08","network_interface":[{"access_config":[{"public_ptr_domain_name":null}],"alias_ip_range":[],"subnetwork":"subnetss-1","subnetwork_project":"p-02-08-19-gcp-lab-admin4"}],"project":"p-02-08-19-gcp-lab-admin4","scratch_disk":[],"service_account":[],"shielded_instance_config":[],"tags":null,"timeouts":null,"zone":"us-east1-c"},"after_unknown":{"attached_disk":[],"boot_disk":[{"device_name":true,"disk_encryption_key_sha256":true,"initialize_params":[{"labels":true,"size":true,"type":true}],"kms_key_self_link":true,"source":true}],"cpu_platform":true,"guest_accelerator":true,"id":true,"instance_id":true,"label_fingerprint":true,"metadata_fingerprint":true,"network_interface":[{"access_config":[{"nat_ip":true,"network_tier":true}],"alias_ip_range":[],"name":true,"network":true,"network_ip":true}],"scheduling":true,"scratch_disk":[],"self_link":true,"service_account":[],"shielded_instance_config":[],"tags_fingerprint":true}}},{"address":"google_compute_network.default","mode":"managed","type":"google_compute_network","name":"default","provider_name":"google","change":{"actions":["create"],"before":null,"after":{"auto_create_subnetworks":false,"delete_default_routes_on_create":false,"description":null,"name":"hellovpc","routing_mode":"GLOBAL","timeouts":null},"after_unknown":{"gateway_ipv4":true,"id":true,"ipv4_range":true,"project":true,"self_link":true}}},{"address":"google_compute_subnetwork.default[0]","mode":"managed","type":"google_compute_subnetwork","name":"default","index":0,"provider_name":"google","change":{"actions":["create"],"before":null,"after":{"description":null,"ip_cidr_range":"192.168.0.0/24","log_config":[],"name":"subnetss-1","private_ip_google_access":false,"region":"us-east1","secondary_ip_range":[{"ip_cidr_range":"192.168.64.0/24","range_name":"us-east1-secondary-01"},{"ip_cidr_range":"192.168.65.0/24","range_name":"us-east1-secondary-01-02"}],"timeouts":null},"after_unknown":{"creation_timestamp":true,"enable_flow_logs":true,"fingerprint":true,"gateway_address":true,"id":true,"log_config":[],"network":true,"project":true,"secondary_ip_range":[{},{}],"self_link":true}}},{"address":"google_compute_subnetwork.default[1]","mode":"managed","type":"google_compute_subnetwork","name":"default","index":1,"provider_name":"google","change":{"actions":["create"],"before":null,"after":{"description":null,"ip_cidr_range":"192.168.13.0/24","log_config":[],"name":"subnet-1","private_ip_google_access":false,"region":"us-east4","secondary_ip_range":[{"ip_cidr_range":"192.168.74.0/24","range_name":"us-east4-ssecondary-01"}],"timeouts":null},"after_unknown":{"creation_timestamp":true,"enable_flow_logs":true,"fingerprint":true,"gateway_address":true,"id":true,"log_config":[],"network":true,"project":true,"secondary_ip_range":[{}],"self_link":true}}},{"address":"google_project_iam_binding.project","mode":"managed","type":"google_project_iam_binding","name":"project","provider_name":"google","change":{"actions":["create"],"before":null,"after":{"members":["user:learningtech2k19@google.com","user:zubair.munir17@google.com"],"project":"p-02-08-19-gcp-lab-admin4","role":"roles/owner"},"after_unknown":{"etag":true,"id":true,"members":[false,false]}}}],"output_changes":{"firewal_self_link":{"actions":["create"],"before":null,"after":"hellovpc-firewall-ssh","after_unknown":false},"gateway_ipv4":{"actions":["create"],"before":null,"after_unknown":true},"subnetworks_self_links":{"actions":["create"],"before":null,"after_unknown":true},"vpc_name":{"actions":["create"],"before":null,"after":"hellovpc","after_unknown":false}},"prior_state":{"format_version":"0.1","terraform_version":"0.12.8","values":{"outputs":{"subnetworks_self_links":{"sensitive":false,"value":[null]}},"root_module":{}}},"configuration":{"provider_config":{"google":{"name":"google","expressions":{"credentials":{},"project":{"constant_value":"p-02-08-19-gcp-lab-admin4"},"zone":{"constant_value":"us-east1-c"}}}},"root_module":{"outputs":{"firewal_self_link":{"expression":{"references":["google_compute_firewall.new-firewall"]},"description":"The URI of the created resource"},"gateway_ipv4":{"expression":{"references":["google_compute_network.default"]},"description":"The IPv4 address of the gateway"},"subnetworks_self_links":{"expression":{"references":["google_compute_subnetwork.default"]},"description":"the list of subnetworks which belong to the network"},"vpc_name":{"expression":{"references":["google_compute_network.default"]},"description":"Name of the created VPC."}},"resources":[{"address":"google_compute_firewall.new-firewall","mode":"managed","type":"google_compute_firewall","name":"new-firewall","provider_config_key":"google","expressions":{"allow":[{"ports":{"references":["var.ports"]},"protocol":{"references":["var.protocol"]}}],"name":{"references":["google_compute_network.default","var.fw_name"]},"network":{"references":["google_compute_network.default"]},"project":{"references":["var.project"]},"source_ranges":{"references":["var.source_ranges"]},"target_tags":{"references":["google_compute_network.default","var.fw_name"]}},"schema_version":1},{"address":"google_compute_instance.vm_instance","mode":"managed","type":"google_compute_instance","name":"vm_instance","provider_config_key":"google","expressions":{"boot_disk":[{"initialize_params":[{"image":{"constant_value":"debian-cloud/debian-9"}}]}],"machine_type":{"constant_value":"f1-micro"},"name":{"constant_value":"test-ins01"},"network_interface":[{"access_config":[{}],"network":{"references":["google_compute_network.default"]},"subnetwork":{"references":["google_compute_subnetwork.default"]},"subnetwork_project":{"constant_value":"p-02-08-19-gcp-lab-admin4"}}],"project":{"references":["var.project"]},"zone":{"constant_value":"us-east1-c"}},"schema_version":6},{"address":"google_compute_instance.vm_instance08","mode":"managed","type":"google_compute_instance","name":"vm_instance08","provider_config_key":"google","expressions":{"boot_disk":[{"initialize_params":[{"image":{"constant_value":"debian-cloud/debian-9"}}]}],"machine_type":{"constant_value":"f1-micro"},"name":{"constant_value":"test-ins08"},"network_interface":[{"access_config":[{}],"network":{"references":["google_compute_network.default"]},"subnetwork":{"references":["google_compute_subnetwork.default"]},"subnetwork_project":{"constant_value":"p-02-08-19-gcp-lab-admin4"}}],"project":{"references":["var.project"]},"zone":{"constant_value":"us-east1-c"}},"schema_version":6},{"address":"google_compute_network.default","mode":"managed","type":"google_compute_network","name":"default","provider_config_key":"google","expressions":{"auto_create_subnetworks":{"references":["var.auto_create_subnetworks"]},"name":{"references":["var.name"]},"routing_mode":{"references":["var.routing_mode"]}},"schema_version":0},{"address":"google_compute_subnetwork.default","mode":"managed","type":"google_compute_subnetwork","name":"default","provider_config_key":"google","expressions":{"ip_cidr_range":{"references":["var.subnetworks","count.index"]},"name":{"references":["var.subnetworks","count.index"]},"network":{"references":["google_compute_network.default"]},"private_ip_google_access":{"references":["var.subnetworks","count.index"]},"region":{"references":["var.subnetworks","count.index"]},"secondary_ip_range":{"references":["var.secondary_ranges","var.subnetworks","count.index"]}},"schema_version":0,"count_expression":{"references":["var.auto_create_subnetworks","var.subnetworks"]}},{"address":"google_project_iam_binding.project","mode":"managed","type":"google_project_iam_binding","name":"project","provider_config_key":"google","expressions":{"members":{"constant_value":["user:zubair.munir17@google.com","user:learningtech2k19@google.com"]},"project":{"references":["var.project"]},"role":{"constant_value":"roles/owner"}},"schema_version":0}],"variables":{"auto_create_subnetworks":{"default":"false","description":"If set to true, this network will be created in auto subnet mode, and Google will create a subnet for each region automatically. If set to false, a custom subnetted network will be created that can support google_compute_subnetwork resources."},"fw_name":{"default":"ssh","description":"A unique name for the resource, required by GCE"},"module_dependency":{"default":"","description":"This is a dummy value to great module dependency. Output from another module can be passed down in order to enforce dependencies"},"name":{"default":"hellovpc","description":"The name of the VPC being created."},"ports":{"default":["22"],"description":"List of ports and/or port ranges to allow. This can only be specified if the protocol is TCP or UDP"},"project":{"default":"p-02-08-19-gcp-lab-admin4","description":"The project in which the resource belongs. If it is not provided, the provider project is used."},"protocol":{"default":"tcp","description":"The name of the protocol to allow"},"routing_mode":{"default":"GLOBAL","description":"Sets the network-wide routing mode for Cloud Routers to use. Accepted values are GLOBAL or REGIONAL."},"secondary_ranges":{"default":{"us-east1":[{"ip_cidr_range":"192.168.64.0/24","range_name":"us-east1-secondary-01"},{"ip_cidr_range":"192.168.65.0/24","range_name":"us-east1-secondary-01-02"}],"us-east4":[{"ip_cidr_range":"192.168.74.0/24","range_name":"us-east4-ssecondary-01"}]},"description":"Secondary ranges that will be used in some of the subnets"},"source_ranges":{"default":["0.0.0.0/0"],"description":"A list of source CIDR ranges that this firewall applies to. Can't be used for EGRESS"},"subnetworks":{"default":[{"cidr":"192.168.0.0/24","region":"us-east1","subnetname":"subnetss-1"},{"cidr":"192.168.13.0/24","region":"us-east4","subnetname":"subnet-1"}],"description":"Define subnetwork detail for VPC"}}}}}
